
Microsoft Visual Studio Solution File, Format Version 12.00
# Visual Studio Version 16
VisualStudioVersion = 16.0.32002.261
MinimumVisualStudioVersion = 10.0.40219.1
Project("{FAE04EC0-301F-11D3-BF4B-00C04F79EFBC}") = "FileCorrupter.Core", "FileCorrupter.Core\FileCorrupter.Core.csproj", "{274EC750-0304-4799-AE61-D75707692F98}"
EndProject
Project("{FAE04EC0-301F-11D3-BF4B-00C04F79EFBC}") = "FileCorrupter.Tests", "FileCorrupter.Tests\FileCorrupter.Tests.csproj", "{9DB93407-F04D-4012-87A7-0192D2FE9E4D}"
EndProject
Global
	GlobalSection(SolutionConfigurationPlatforms) = preSolution
		Debug|Any CPU = Debug|Any CPU
		Release|Any CPU = Release|Any CPU
	EndGlobalSection
	GlobalSection(ProjectConfigurationPlatforms) = postSolution
		{274EC750-0304-4799-AE61-D75707692F98}.Debug|Any CPU.ActiveCfg = Debug|Any CPU
		{274EC750-0304-4799-AE61-D75707692F98}.Debug|Any CPU.Build.0 = Debug|Any CPU
		{274EC750-0304-4799-AE61-D75707692F98}.Release|Any CPU.ActiveCfg = Release|Any CPU
		{274EC750-0304-4799-AE61-D75707692F98}.Release|Any CPU.Build.0 = Release|Any CPU
		{9DB93407-F04D-4012-87A7-0192D2FE9E4D}.Debug|Any CPU.ActiveCfg = Debug|Any CPU
		{9DB93407-F04D-4012-87A7-0192D2FE9E4D}.Debug|Any CPU.Build.0 = Debug|Any CPU
		{9DB93407-F04D-4012-87A7-0192D2FE9E4D}.Release|Any CPU.ActiveCfg = Release|Any CPU
		{9DB93407-F04D-4012-87A7-0192D2FE9E4D}.Release|Any CPU.Build.0 = Release|Any CPU
	EndGlobalSection
	GlobalSection(SolutionProperties) = preSolution
		HideSolutionNode = FALSE
	EndGlobalSection
	GlobalSection(ExtensibilityGlobals) = postSolution
		SolutionGuid = {958E0857-2D70-4975-8373-AE01B2EBC525}
	EndGlobalSection
EndGlobal
